
Microsoft Visual Studio Solution File, Format Version 12.00
# Visual Studio 15
VisualStudioVersion = 15.0.28307.960
MinimumVisualStudioVersion = 10.0.40219.1
Project("{FAE04EC0-301F-11D3-BF4B-00C04F79EFBC}") = "SymulacjaKomputerowa", "SymulacjaKomputerowa\SymulacjaKomputerowa.csproj", "{F4FBA295-64D0-4EB1-849D-70D5E0FED1C1}"
EndProject
Global
	GlobalSection(SolutionConfigurationPlatforms) = preSolution
		Debug|Any CPU = Debug|Any CPU
		Release|Any CPU = Release|Any CPU
	EndGlobalSection
	GlobalSection(ProjectConfigurationPlatforms) = postSolution
		{F4FBA295-64D0-4EB1-849D-70D5E0FED1C1}.Debug|Any CPU.ActiveCfg = Debug|Any CPU
		{F4FBA295-64D0-4EB1-849D-70D5E0FED1C1}.Debug|Any CPU.Build.0 = Debug|Any CPU
		{F4FBA295-64D0-4EB1-849D-70D5E0FED1C1}.Release|Any CPU.ActiveCfg = Release|Any CPU
		{F4FBA295-64D0-4EB1-849D-70D5E0FED1C1}.Release|Any CPU.Build.0 = Release|Any CPU
	EndGlobalSection
	GlobalSection(SolutionProperties) = preSolution
		HideSolutionNode = FALSE
	EndGlobalSection
	GlobalSection(ExtensibilityGlobals) = postSolution
		SolutionGuid = {E839F7C9-6B0C-4423-89B6-1FDD113BB391}
	EndGlobalSection
EndGlobal
